
Microsoft Visual Studio Solution File, Format Version 12.00
# Visual Studio Version 17
VisualStudioVersion = 17.14.36221.1 d17.14
MinimumVisualStudioVersion = 10.0.40219.1
Project("{FAE04EC0-301F-11D3-BF4B-00C04F79EFBC}") = "BeFit", "BeFit\BeFit.csproj", "{FFF350C8-72C4-431C-A999-B97C85158E3C}"
EndProject
Global
	GlobalSection(SolutionConfigurationPlatforms) = preSolution
		Debug|Any CPU = Debug|Any CPU
		Release|Any CPU = Release|Any CPU
	EndGlobalSection
	GlobalSection(ProjectConfigurationPlatforms) = postSolution
		{FFF350C8-72C4-431C-A999-B97C85158E3C}.Debug|Any CPU.ActiveCfg = Debug|Any CPU
		{FFF350C8-72C4-431C-A999-B97C85158E3C}.Debug|Any CPU.Build.0 = Debug|Any CPU
		{FFF350C8-72C4-431C-A999-B97C85158E3C}.Release|Any CPU.ActiveCfg = Release|Any CPU
		{FFF350C8-72C4-431C-A999-B97C85158E3C}.Release|Any CPU.Build.0 = Release|Any CPU
	EndGlobalSection
	GlobalSection(SolutionProperties) = preSolution
		HideSolutionNode = FALSE
	EndGlobalSection
	GlobalSection(ExtensibilityGlobals) = postSolution
		SolutionGuid = {58CC36B9-B33E-4076-9FC6-8A8D31287432}
	EndGlobalSection
EndGlobal
